
Microsoft Visual Studio Solution File, Format Version 12.00
# Visual Studio 15
VisualStudioVersion = 15.0.26124.0
MinimumVisualStudioVersion = 15.0.26124.0
Project("{FAE04EC0-301F-11D3-BF4B-00C04F79EFBC}") = "Logic", "Logic\Logic.csproj", "{278F410E-A2F8-4AAA-8D13-CE3EEC81B621}"
EndProject
Project("{FAE04EC0-301F-11D3-BF4B-00C04F79EFBC}") = "tests", "tests\tests.csproj", "{4CBBCF75-5F38-4FCE-824B-437F7594737D}"
EndProject
Global
	GlobalSection(SolutionConfigurationPlatforms) = preSolution
		Debug|Any CPU = Debug|Any CPU
		Debug|x64 = Debug|x64
		Debug|x86 = Debug|x86
		Release|Any CPU = Release|Any CPU
		Release|x64 = Release|x64
		Release|x86 = Release|x86
	EndGlobalSection
	GlobalSection(SolutionProperties) = preSolution
		HideSolutionNode = FALSE
	EndGlobalSection
	GlobalSection(ProjectConfigurationPlatforms) = postSolution
		{278F410E-A2F8-4AAA-8D13-CE3EEC81B621}.Debug|Any CPU.ActiveCfg = Debug|Any CPU
		{278F410E-A2F8-4AAA-8D13-CE3EEC81B621}.Debug|Any CPU.Build.0 = Debug|Any CPU
		{278F410E-A2F8-4AAA-8D13-CE3EEC81B621}.Debug|x64.ActiveCfg = Debug|Any CPU
		{278F410E-A2F8-4AAA-8D13-CE3EEC81B621}.Debug|x64.Build.0 = Debug|Any CPU
		{278F410E-A2F8-4AAA-8D13-CE3EEC81B621}.Debug|x86.ActiveCfg = Debug|Any CPU
		{278F410E-A2F8-4AAA-8D13-CE3EEC81B621}.Debug|x86.Build.0 = Debug|Any CPU
		{278F410E-A2F8-4AAA-8D13-CE3EEC81B621}.Release|Any CPU.ActiveCfg = Release|Any CPU
		{278F410E-A2F8-4AAA-8D13-CE3EEC81B621}.Release|Any CPU.Build.0 = Release|Any CPU
		{278F410E-A2F8-4AAA-8D13-CE3EEC81B621}.Release|x64.ActiveCfg = Release|Any CPU
		{278F410E-A2F8-4AAA-8D13-CE3EEC81B621}.Release|x64.Build.0 = Release|Any CPU
		{278F410E-A2F8-4AAA-8D13-CE3EEC81B621}.Release|x86.ActiveCfg = Release|Any CPU
		{278F410E-A2F8-4AAA-8D13-CE3EEC81B621}.Release|x86.Build.0 = Release|Any CPU
		{4CBBCF75-5F38-4FCE-824B-437F7594737D}.Debug|Any CPU.ActiveCfg = Debug|Any CPU
		{4CBBCF75-5F38-4FCE-824B-437F7594737D}.Debug|Any CPU.Build.0 = Debug|Any CPU
		{4CBBCF75-5F38-4FCE-824B-437F7594737D}.Debug|x64.ActiveCfg = Debug|Any CPU
		{4CBBCF75-5F38-4FCE-824B-437F7594737D}.Debug|x64.Build.0 = Debug|Any CPU
		{4CBBCF75-5F38-4FCE-824B-437F7594737D}.Debug|x86.ActiveCfg = Debug|Any CPU
		{4CBBCF75-5F38-4FCE-824B-437F7594737D}.Debug|x86.Build.0 = Debug|Any CPU
		{4CBBCF75-5F38-4FCE-824B-437F7594737D}.Release|Any CPU.ActiveCfg = Release|Any CPU
		{4CBBCF75-5F38-4FCE-824B-437F7594737D}.Release|Any CPU.Build.0 = Release|Any CPU
		{4CBBCF75-5F38-4FCE-824B-437F7594737D}.Release|x64.ActiveCfg = Release|Any CPU
		{4CBBCF75-5F38-4FCE-824B-437F7594737D}.Release|x64.Build.0 = Release|Any CPU
		{4CBBCF75-5F38-4FCE-824B-437F7594737D}.Release|x86.ActiveCfg = Release|Any CPU
		{4CBBCF75-5F38-4FCE-824B-437F7594737D}.Release|x86.Build.0 = Release|Any CPU
	EndGlobalSection
EndGlobal
