
Microsoft Visual Studio Solution File, Format Version 12.00
# Visual Studio Version 17
VisualStudioVersion = 17.2.32616.157
MinimumVisualStudioVersion = 15.0.26124.0
Project("{9A19103F-16F7-4668-BE54-9A1E7A4F7556}") = "Logic", "Logic\Logic.csproj", "{278F410E-A2F8-4AAA-8D13-CE3EEC81B621}"
EndProject
Project("{9A19103F-16F7-4668-BE54-9A1E7A4F7556}") = "Test", "Test\Test.csproj", "{EB4C73E2-0767-4D36-8F0B-DEF757EC0D3C}"
EndProject
Project("{FAE04EC0-301F-11D3-BF4B-00C04F79EFBC}") = "Grocery.Client.Server", "Grocery.Client\Server\Grocery.Client.Server.csproj", "{E93B7E23-BA43-40AF-82EC-9B4396181E94}"
EndProject
Project("{FAE04EC0-301F-11D3-BF4B-00C04F79EFBC}") = "Grocery.Client.Client", "Grocery.Client\Client\Grocery.Client.Client.csproj", "{3145E72B-BF13-4E6F-8254-2C45650C8731}"
EndProject
Project("{FAE04EC0-301F-11D3-BF4B-00C04F79EFBC}") = "Grocery.Client.Shared", "Grocery.Client\Shared\Grocery.Client.Shared.csproj", "{B437FC17-5BE1-470E-9AF2-D717C85DED12}"
EndProject
Global
	GlobalSection(SolutionConfigurationPlatforms) = preSolution
		Debug|Any CPU = Debug|Any CPU
		Debug|x64 = Debug|x64
		Debug|x86 = Debug|x86
		Release|Any CPU = Release|Any CPU
		Release|x64 = Release|x64
		Release|x86 = Release|x86
	EndGlobalSection
	GlobalSection(ProjectConfigurationPlatforms) = postSolution
		{278F410E-A2F8-4AAA-8D13-CE3EEC81B621}.Debug|Any CPU.ActiveCfg = Debug|Any CPU
		{278F410E-A2F8-4AAA-8D13-CE3EEC81B621}.Debug|Any CPU.Build.0 = Debug|Any CPU
		{278F410E-A2F8-4AAA-8D13-CE3EEC81B621}.Debug|x64.ActiveCfg = Debug|Any CPU
		{278F410E-A2F8-4AAA-8D13-CE3EEC81B621}.Debug|x64.Build.0 = Debug|Any CPU
		{278F410E-A2F8-4AAA-8D13-CE3EEC81B621}.Debug|x86.ActiveCfg = Debug|Any CPU
		{278F410E-A2F8-4AAA-8D13-CE3EEC81B621}.Debug|x86.Build.0 = Debug|Any CPU
		{278F410E-A2F8-4AAA-8D13-CE3EEC81B621}.Release|Any CPU.ActiveCfg = Release|Any CPU
		{278F410E-A2F8-4AAA-8D13-CE3EEC81B621}.Release|Any CPU.Build.0 = Release|Any CPU
		{278F410E-A2F8-4AAA-8D13-CE3EEC81B621}.Release|x64.ActiveCfg = Release|Any CPU
		{278F410E-A2F8-4AAA-8D13-CE3EEC81B621}.Release|x64.Build.0 = Release|Any CPU
		{278F410E-A2F8-4AAA-8D13-CE3EEC81B621}.Release|x86.ActiveCfg = Release|Any CPU
		{278F410E-A2F8-4AAA-8D13-CE3EEC81B621}.Release|x86.Build.0 = Release|Any CPU
		{EB4C73E2-0767-4D36-8F0B-DEF757EC0D3C}.Debug|Any CPU.ActiveCfg = Debug|Any CPU
		{EB4C73E2-0767-4D36-8F0B-DEF757EC0D3C}.Debug|Any CPU.Build.0 = Debug|Any CPU
		{EB4C73E2-0767-4D36-8F0B-DEF757EC0D3C}.Debug|x64.ActiveCfg = Debug|Any CPU
		{EB4C73E2-0767-4D36-8F0B-DEF757EC0D3C}.Debug|x64.Build.0 = Debug|Any CPU
		{EB4C73E2-0767-4D36-8F0B-DEF757EC0D3C}.Debug|x86.ActiveCfg = Debug|Any CPU
		{EB4C73E2-0767-4D36-8F0B-DEF757EC0D3C}.Debug|x86.Build.0 = Debug|Any CPU
		{EB4C73E2-0767-4D36-8F0B-DEF757EC0D3C}.Release|Any CPU.ActiveCfg = Release|Any CPU
		{EB4C73E2-0767-4D36-8F0B-DEF757EC0D3C}.Release|Any CPU.Build.0 = Release|Any CPU
		{EB4C73E2-0767-4D36-8F0B-DEF757EC0D3C}.Release|x64.ActiveCfg = Release|Any CPU
		{EB4C73E2-0767-4D36-8F0B-DEF757EC0D3C}.Release|x64.Build.0 = Release|Any CPU
		{EB4C73E2-0767-4D36-8F0B-DEF757EC0D3C}.Release|x86.ActiveCfg = Release|Any CPU
		{EB4C73E2-0767-4D36-8F0B-DEF757EC0D3C}.Release|x86.Build.0 = Release|Any CPU
		{E93B7E23-BA43-40AF-82EC-9B4396181E94}.Debug|Any CPU.ActiveCfg = Debug|Any CPU
		{E93B7E23-BA43-40AF-82EC-9B4396181E94}.Debug|Any CPU.Build.0 = Debug|Any CPU
		{E93B7E23-BA43-40AF-82EC-9B4396181E94}.Debug|x64.ActiveCfg = Debug|Any CPU
		{E93B7E23-BA43-40AF-82EC-9B4396181E94}.Debug|x64.Build.0 = Debug|Any CPU
		{E93B7E23-BA43-40AF-82EC-9B4396181E94}.Debug|x86.ActiveCfg = Debug|Any CPU
		{E93B7E23-BA43-40AF-82EC-9B4396181E94}.Debug|x86.Build.0 = Debug|Any CPU
		{E93B7E23-BA43-40AF-82EC-9B4396181E94}.Release|Any CPU.ActiveCfg = Release|Any CPU
		{E93B7E23-BA43-40AF-82EC-9B4396181E94}.Release|Any CPU.Build.0 = Release|Any CPU
		{E93B7E23-BA43-40AF-82EC-9B4396181E94}.Release|x64.ActiveCfg = Release|Any CPU
		{E93B7E23-BA43-40AF-82EC-9B4396181E94}.Release|x64.Build.0 = Release|Any CPU
		{E93B7E23-BA43-40AF-82EC-9B4396181E94}.Release|x86.ActiveCfg = Release|Any CPU
		{E93B7E23-BA43-40AF-82EC-9B4396181E94}.Release|x86.Build.0 = Release|Any CPU
		{3145E72B-BF13-4E6F-8254-2C45650C8731}.Debug|Any CPU.ActiveCfg = Debug|Any CPU
		{3145E72B-BF13-4E6F-8254-2C45650C8731}.Debug|Any CPU.Build.0 = Debug|Any CPU
		{3145E72B-BF13-4E6F-8254-2C45650C8731}.Debug|x64.ActiveCfg = Debug|Any CPU
		{3145E72B-BF13-4E6F-8254-2C45650C8731}.Debug|x64.Build.0 = Debug|Any CPU
		{3145E72B-BF13-4E6F-8254-2C45650C8731}.Debug|x86.ActiveCfg = Debug|Any CPU
		{3145E72B-BF13-4E6F-8254-2C45650C8731}.Debug|x86.Build.0 = Debug|Any CPU
		{3145E72B-BF13-4E6F-8254-2C45650C8731}.Release|Any CPU.ActiveCfg = Release|Any CPU
		{3145E72B-BF13-4E6F-8254-2C45650C8731}.Release|Any CPU.Build.0 = Release|Any CPU
		{3145E72B-BF13-4E6F-8254-2C45650C8731}.Release|x64.ActiveCfg = Release|Any CPU
		{3145E72B-BF13-4E6F-8254-2C45650C8731}.Release|x64.Build.0 = Release|Any CPU
		{3145E72B-BF13-4E6F-8254-2C45650C8731}.Release|x86.ActiveCfg = Release|Any CPU
		{3145E72B-BF13-4E6F-8254-2C45650C8731}.Release|x86.Build.0 = Release|Any CPU
		{B437FC17-5BE1-470E-9AF2-D717C85DED12}.Debug|Any CPU.ActiveCfg = Debug|Any CPU
		{B437FC17-5BE1-470E-9AF2-D717C85DED12}.Debug|Any CPU.Build.0 = Debug|Any CPU
		{B437FC17-5BE1-470E-9AF2-D717C85DED12}.Debug|x64.ActiveCfg = Debug|Any CPU
		{B437FC17-5BE1-470E-9AF2-D717C85DED12}.Debug|x64.Build.0 = Debug|Any CPU
		{B437FC17-5BE1-470E-9AF2-D717C85DED12}.Debug|x86.ActiveCfg = Debug|Any CPU
		{B437FC17-5BE1-470E-9AF2-D717C85DED12}.Debug|x86.Build.0 = Debug|Any CPU
		{B437FC17-5BE1-470E-9AF2-D717C85DED12}.Release|Any CPU.ActiveCfg = Release|Any CPU
		{B437FC17-5BE1-470E-9AF2-D717C85DED12}.Release|Any CPU.Build.0 = Release|Any CPU
		{B437FC17-5BE1-470E-9AF2-D717C85DED12}.Release|x64.ActiveCfg = Release|Any CPU
		{B437FC17-5BE1-470E-9AF2-D717C85DED12}.Release|x64.Build.0 = Release|Any CPU
		{B437FC17-5BE1-470E-9AF2-D717C85DED12}.Release|x86.ActiveCfg = Release|Any CPU
		{B437FC17-5BE1-470E-9AF2-D717C85DED12}.Release|x86.Build.0 = Release|Any CPU
	EndGlobalSection
	GlobalSection(SolutionProperties) = preSolution
		HideSolutionNode = FALSE
	EndGlobalSection
	GlobalSection(ExtensibilityGlobals) = postSolution
		SolutionGuid = {D056E6AA-0DF8-4226-B9E7-CBF3325A248A}
	EndGlobalSection
EndGlobal
